
Microsoft Visual Studio Solution File, Format Version 12.00
# Visual Studio Version 17
VisualStudioVersion = 17.6.33815.320
MinimumVisualStudioVersion = 10.0.40219.1
Project("{FAE04EC0-301F-11D3-BF4B-00C04F79EFBC}") = "Corellian.Sentinel.Tool", "Corellian.Sentinel.Tool\Corellian.Sentinel.Tool.csproj", "{8E6140C1-7052-4D69-94C5-0330700AE0C1}"
EndProject
Project("{2150E333-8FDC-42A3-9474-1A3956D46DE8}") = "Solution Items", "Solution Items", "{2F32641B-C383-46C7-973A-0DDE8927C3B1}"
	ProjectSection(SolutionItems) = preProject
		.gitignore = .gitignore
		azure-pipelines.yml = azure-pipelines.yml
		Directory.Build.props = Directory.Build.props
		README.md = README.md
		version.json = version.json
	EndProjectSection
EndProject
Global
	GlobalSection(SolutionConfigurationPlatforms) = preSolution
		Debug|Any CPU = Debug|Any CPU
		Release|Any CPU = Release|Any CPU
	EndGlobalSection
	GlobalSection(ProjectConfigurationPlatforms) = postSolution
		{8E6140C1-7052-4D69-94C5-0330700AE0C1}.Debug|Any CPU.ActiveCfg = Debug|Any CPU
		{8E6140C1-7052-4D69-94C5-0330700AE0C1}.Debug|Any CPU.Build.0 = Debug|Any CPU
		{8E6140C1-7052-4D69-94C5-0330700AE0C1}.Release|Any CPU.ActiveCfg = Release|Any CPU
		{8E6140C1-7052-4D69-94C5-0330700AE0C1}.Release|Any CPU.Build.0 = Release|Any CPU
	EndGlobalSection
	GlobalSection(SolutionProperties) = preSolution
		HideSolutionNode = FALSE
	EndGlobalSection
	GlobalSection(ExtensibilityGlobals) = postSolution
		SolutionGuid = {DF3D6945-EAA0-4210-8B92-2F943B5325C3}
	EndGlobalSection
EndGlobal
